{
  "pins" : [
    {
      "identity" : "alamofire",
      "kind" : "remoteSourceControl",
      "location" : "https://github.com/Alamofire/Alamofire",
      "state" : {
        "revision" : "3dc6a42c7727c49bf26508e29b0a0b35f9c7e1ad",
        "version" : "5.8.1"
      }
    },
    {
      "identity" : "alamofireimage",
      "kind" : "remoteSourceControl",
      "location" : "https://github.com/Alamofire/AlamofireImage",
      "state" : {
        "revision" : "1eaf3b6c6882bed10f6e7b119665599dd2329aa1",
        "version" : "4.3.0"
      }
    },
    {
      "identity" : "bolts-objc",
      "kind" : "remoteSourceControl",
      "location" : "https://github.com/parse-community/Bolts-ObjC.git",
      "state" : {
        "revision" : "1eee96ad3bcfc8964c0a5815ce94f491eb6ac8c2",
        "version" : "1.10.0"
      }
    },
    {
      "identity" : "bolts-swift",
      "kind" : "remoteSourceControl",
      "location" : "https://github.com/BoltsFramework/Bolts-Swift.git",
      "state" : {
        "revision" : "d8c07eee2045a13f34330c0a4664053b5176e3f0",
        "version" : "1.5.0"
      }
    },
    {
      "identity" : "facebook-ios-sdk",
      "kind" : "remoteSourceControl",
      "location" : "https://github.com/facebook/facebook-ios-sdk.git",
      "state" : {
        "revision" : "7fd8a930a5b2c940a22efafe0e214ed0df671312",
        "version" : "15.1.0"
      }
    },
    {
      "identity" : "parse-sdk-ios-osx",
      "kind" : "remoteSourceControl",
      "location" : "https://github.com/parse-community/Parse-SDK-iOS-OSX",
      "state" : {
        "revision" : "99f5f204588f160685b8efa94e1312172db363ff",
        "version" : "2.7.3"
      }
    },
    {
      "identity" : "parse-swift",
      "kind" : "remoteSourceControl",
      "location" : "https://github.com/parse-community/Parse-Swift",
      "state" : {
        "revision" : "dc7666f774755be333f48f25c4d8bead0a1a6877",
        "version" : "4.14.2"
      }
    },
    {
      "identity" : "starscream",
      "kind" : "remoteSourceControl",
      "location" : "https://github.com/daltoniam/Starscream.git",
      "state" : {
        "revision" : "ac6c0fc9da221873e01bd1a0d4818498a71eef33",
        "version" : "4.0.6"
      }
    }
  ],
  "version" : 2
}
